NeoBundleLock ctrlp.vim 58247bdf8550879e183c13860eefa03983959e4a
NeoBundleLock neobundle.vim 6b656b3947b9583534ae5f18b42976eac86204d6
NeoBundleLock neosnippet-snippets 7bc1674170670a4c43f7f4fc65e0e396759512ea
NeoBundleLock neosnippet.vim 7c07c4d8a2228c77ae4d519c936811db662ecd4a
NeoBundleLock vim-colorscheme-primary 6b57c1056f1e30642db493fe9685893a4a75d4aa
NeoBundleLock vim-colorschemes 28a989b28457e38df620e4c7ab23e224aff70efe
NeoBundleLock vim-fugitive 0b43b51d7785aeb4002b45ca49cea5aef0d2e988
NeoBundleLock vimshell 3787e52766812d8b99a93ccdda57517bc2a0bab6
